
Microsoft Visual Studio Solution File, Format Version 12.00
# Visual Studio Version 16
VisualStudioVersion = 16.0.30114.105
MinimumVisualStudioVersion = 10.0.40219.1
Project("{FAE04EC0-301F-11D3-BF4B-00C04F79EFBC}") = "API", "API\API.csproj", "{E4A52BD6-1BE8-460B-BE57-8CC5AB4BA254}"
EndProject
Project("{FAE04EC0-301F-11D3-BF4B-00C04F79EFBC}") = "Application", "Application\Application.csproj", "{FF878894-DDD7-4D27-916E-93FF560F36A3}"
EndProject
Project("{FAE04EC0-301F-11D3-BF4B-00C04F79EFBC}") = "Persistence", "Persistence\Persistence.csproj", "{4B873709-3F03-4FA1-8B26-7CF6624CAE13}"
EndProject
Project("{FAE04EC0-301F-11D3-BF4B-00C04F79EFBC}") = "Domain", "Domain\Domain.csproj", "{254C200E-4C88-40D3-A77C-2EDBA3047C00}"
EndProject
Global
	GlobalSection(SolutionConfigurationPlatforms) = preSolution
		Debug|Any CPU = Debug|Any CPU
		Release|Any CPU = Release|Any CPU
	EndGlobalSection
	GlobalSection(SolutionProperties) = preSolution
		HideSolutionNode = FALSE
	EndGlobalSection
	GlobalSection(ProjectConfigurationPlatforms) = postSolution
		{E4A52BD6-1BE8-460B-BE57-8CC5AB4BA254}.Debug|Any CPU.ActiveCfg = Debug|Any CPU
		{E4A52BD6-1BE8-460B-BE57-8CC5AB4BA254}.Debug|Any CPU.Build.0 = Debug|Any CPU
		{E4A52BD6-1BE8-460B-BE57-8CC5AB4BA254}.Release|Any CPU.ActiveCfg = Release|Any CPU
		{E4A52BD6-1BE8-460B-BE57-8CC5AB4BA254}.Release|Any CPU.Build.0 = Release|Any CPU
		{FF878894-DDD7-4D27-916E-93FF560F36A3}.Debug|Any CPU.ActiveCfg = Debug|Any CPU
		{FF878894-DDD7-4D27-916E-93FF560F36A3}.Debug|Any CPU.Build.0 = Debug|Any CPU
		{FF878894-DDD7-4D27-916E-93FF560F36A3}.Release|Any CPU.ActiveCfg = Release|Any CPU
		{FF878894-DDD7-4D27-916E-93FF560F36A3}.Release|Any CPU.Build.0 = Release|Any CPU
		{4B873709-3F03-4FA1-8B26-7CF6624CAE13}.Debug|Any CPU.ActiveCfg = Debug|Any CPU
		{4B873709-3F03-4FA1-8B26-7CF6624CAE13}.Debug|Any CPU.Build.0 = Debug|Any CPU
		{4B873709-3F03-4FA1-8B26-7CF6624CAE13}.Release|Any CPU.ActiveCfg = Release|Any CPU
		{4B873709-3F03-4FA1-8B26-7CF6624CAE13}.Release|Any CPU.Build.0 = Release|Any CPU
		{254C200E-4C88-40D3-A77C-2EDBA3047C00}.Debug|Any CPU.ActiveCfg = Debug|Any CPU
		{254C200E-4C88-40D3-A77C-2EDBA3047C00}.Debug|Any CPU.Build.0 = Debug|Any CPU
		{254C200E-4C88-40D3-A77C-2EDBA3047C00}.Release|Any CPU.ActiveCfg = Release|Any CPU
		{254C200E-4C88-40D3-A77C-2EDBA3047C00}.Release|Any CPU.Build.0 = Release|Any CPU
	EndGlobalSection
EndGlobal
